{
  "name": "authentication",
  "version": "1.0.0-alpha-1",
  "lockfileVersion": 1,
  "requires": true,
  "dependencies": {
    "@phc/format": {
      "version": "0.4.2",
      "resolved": "https://registry.npmjs.org/@phc/format/-/format-0.4.2.tgz",
      "integrity": "sha512-4UhR3nSQYhIULx8L+y2xWbAemlJ6cyVkmxj8V1L+SycRS2tE86v2ZW7kDfAMkiyiwd2jB9rttsfe8UlUoikq/Q==",
      "requires": {
        "safe-buffer": "^5.1.1"
      }
    },
    "any-promise": {
      "version": "1.3.0",
      "resolved": "https://registry.npmjs.org/any-promise/-/any-promise-1.3.0.tgz",
      "integrity": "sha1-q8av7tzqUugJzcA3au0845Y10X8="
    },
    "argon2": {
      "version": "0.19.2",
      "resolved": "https://registry.npmjs.org/argon2/-/argon2-0.19.2.tgz",
      "integrity": "sha1-EFZr1EBpyL6ZfSXzETo/VqgvTow=",
      "requires": {
        "@phc/format": "^0.4.2",
        "any-promise": "^1.3.0",
        "bindings": "^1.3.0",
        "nan": "^2.10.0"
      }
    },
    "bindings": {
      "version": "1.3.0",
      "resolved": "https://registry.npmjs.org/bindings/-/bindings-1.3.0.tgz",
      "integrity": "sha512-DpLh5EzMR2kzvX1KIlVC0VkC3iZtHKTgdtZ0a3pglBZdaQFjt5S9g9xd1lE+YvXyfd6mtCeRnrUfOLYiTMlNSw=="
    },
    "nan": {
      "version": "2.10.0",
      "resolved": "https://registry.npmjs.org/nan/-/nan-2.10.0.tgz",
      "integrity": "sha512-bAdJv7fBLhWC+/Bls0Oza+mvTaNQtP+1RyhhhvD95pgUJz6XM5IzgmxOkItJ9tkoCiplvAnXI1tNmmUD/eScyA=="
    },
    "safe-buffer": {
      "version": "5.1.2",
      "resolved": "https://registry.npmjs.org/safe-buffer/-/safe-buffer-5.1.2.tgz",
      "integrity": "sha512-Gd2UZBJDkXlY7GbJxfsE8/nvKkUEU1G38c1siN6QP6a9PT9MmHB8GnpscSmMJSoF8LOIrt8ud/wPtojys4G6+g=="
    }
  }
}
